{
  "name": "exampleSite",
  "lockfileVersion": 2,
  "requires": true,
  "packages": {
    "": {
      "dependencies": {
        "devicon": "^2.11.0"
      }
    },
    "node_modules/devicon": {
      "version": "2.11.0",
      "resolved": "https://registry.npmjs.org/devicon/-/devicon-2.11.0.tgz",
      "integrity": "sha512-sQ4rGJK6azpWmoM1viICEhWVuXfTsUYbZU9yBeFlmUziFKLUvD4yAovM4qFrTytcXElLEix5xdRD5gKzwEwRNA=="
    }
  },
  "dependencies": {
    "devicon": {
      "version": "2.11.0",
      "resolved": "https://registry.npmjs.org/devicon/-/devicon-2.11.0.tgz",
      "integrity": "sha512-sQ4rGJK6azpWmoM1viICEhWVuXfTsUYbZU9yBeFlmUziFKLUvD4yAovM4qFrTytcXElLEix5xdRD5gKzwEwRNA=="
    }
  }
}
